
Microsoft Visual Studio Solution File, Format Version 12.00
# Visual Studio Version 16
VisualStudioVersion = 16.0.31911.196
MinimumVisualStudioVersion = 10.0.40219.1
Project("{FAE04EC0-301F-11D3-BF4B-00C04F79EFBC}") = "UaConnects.WebApi", "UaConnects\UaConnects.WebApi.csproj", "{E1FE0C61-7819-4241-B99E-DB183691C9B4}"
EndProject
Project("{FAE04EC0-301F-11D3-BF4B-00C04F79EFBC}") = "UaConnects.Domain", "UaConnects.Domain\UaConnects.Domain.csproj", "{CD250185-2BA7-487E-A59D-4D4B5E2D0A0E}"
EndProject
Project("{FAE04EC0-301F-11D3-BF4B-00C04F79EFBC}") = "UaConnects.Application", "UaConnects.Application\UaConnects.Application.csproj", "{EC9F063F-0E1A-456A-BFC8-A0395BA1AE5D}"
EndProject
Project("{FAE04EC0-301F-11D3-BF4B-00C04F79EFBC}") = "UaConnects.Infrastructure", "UaConnects.Infrastructure\UaConnects.Infrastructure.csproj", "{40D2CDF4-2519-40E6-A9E4-D6C993CD8D1F}"
EndProject
Project("{2150E333-8FDC-42A3-9474-1A3956D46DE8}") = "tests", "tests", "{ED363647-E0D3-43C4-B615-C6F92546ECF9}"
EndProject
Project("{FAE04EC0-301F-11D3-BF4B-00C04F79EFBC}") = "UaConnects.WebApi.IntegrationTests", "UaConnects.WebApi.IntegrationTests\UaConnects.WebApi.IntegrationTests.csproj", "{F26CCA2D-41D4-45D0-8910-676B4CB66DDA}"
EndProject
Global
	GlobalSection(SolutionConfigurationPlatforms) = preSolution
		Debug|Any CPU = Debug|Any CPU
		Release|Any CPU = Release|Any CPU
	EndGlobalSection
	GlobalSection(ProjectConfigurationPlatforms) = postSolution
		{E1FE0C61-7819-4241-B99E-DB183691C9B4}.Debug|Any CPU.ActiveCfg = Debug|Any CPU
		{E1FE0C61-7819-4241-B99E-DB183691C9B4}.Debug|Any CPU.Build.0 = Debug|Any CPU
		{E1FE0C61-7819-4241-B99E-DB183691C9B4}.Release|Any CPU.ActiveCfg = Release|Any CPU
		{E1FE0C61-7819-4241-B99E-DB183691C9B4}.Release|Any CPU.Build.0 = Release|Any CPU
		{CD250185-2BA7-487E-A59D-4D4B5E2D0A0E}.Debug|Any CPU.ActiveCfg = Debug|Any CPU
		{CD250185-2BA7-487E-A59D-4D4B5E2D0A0E}.Debug|Any CPU.Build.0 = Debug|Any CPU
		{CD250185-2BA7-487E-A59D-4D4B5E2D0A0E}.Release|Any CPU.ActiveCfg = Release|Any CPU
		{CD250185-2BA7-487E-A59D-4D4B5E2D0A0E}.Release|Any CPU.Build.0 = Release|Any CPU
		{EC9F063F-0E1A-456A-BFC8-A0395BA1AE5D}.Debug|Any CPU.ActiveCfg = Debug|Any CPU
		{EC9F063F-0E1A-456A-BFC8-A0395BA1AE5D}.Debug|Any CPU.Build.0 = Debug|Any CPU
		{EC9F063F-0E1A-456A-BFC8-A0395BA1AE5D}.Release|Any CPU.ActiveCfg = Release|Any CPU
		{EC9F063F-0E1A-456A-BFC8-A0395BA1AE5D}.Release|Any CPU.Build.0 = Release|Any CPU
		{40D2CDF4-2519-40E6-A9E4-D6C993CD8D1F}.Debug|Any CPU.ActiveCfg = Debug|Any CPU
		{40D2CDF4-2519-40E6-A9E4-D6C993CD8D1F}.Debug|Any CPU.Build.0 = Debug|Any CPU
		{40D2CDF4-2519-40E6-A9E4-D6C993CD8D1F}.Release|Any CPU.ActiveCfg = Release|Any CPU
		{40D2CDF4-2519-40E6-A9E4-D6C993CD8D1F}.Release|Any CPU.Build.0 = Release|Any CPU
		{F26CCA2D-41D4-45D0-8910-676B4CB66DDA}.Debug|Any CPU.ActiveCfg = Debug|Any CPU
		{F26CCA2D-41D4-45D0-8910-676B4CB66DDA}.Debug|Any CPU.Build.0 = Debug|Any CPU
		{F26CCA2D-41D4-45D0-8910-676B4CB66DDA}.Release|Any CPU.ActiveCfg = Release|Any CPU
		{F26CCA2D-41D4-45D0-8910-676B4CB66DDA}.Release|Any CPU.Build.0 = Release|Any CPU
	EndGlobalSection
	GlobalSection(SolutionProperties) = preSolution
		HideSolutionNode = FALSE
	EndGlobalSection
	GlobalSection(NestedProjects) = preSolution
		{F26CCA2D-41D4-45D0-8910-676B4CB66DDA} = {ED363647-E0D3-43C4-B615-C6F92546ECF9}
	EndGlobalSection
	GlobalSection(ExtensibilityGlobals) = postSolution
		SolutionGuid = {2E2489E1-19B4-4EE5-890F-4DC479591EFD}
	EndGlobalSection
EndGlobal
